// !$*UTF8*$!
{
	archiveVersion = 1;
	classes = {
	};
	objectVersion = 50;
	objects = {

/* Begin PBXBuildFile section */
		3419A81223A1218C00378709 /* myFootballTests.swift in Sources */ = {isa = PBXBuildFile; fileRef = 3419A81123A1218C00378709 /* myFootballTests.swift */; };
		3419A81923A1BE4C00378709 /* SearchTeamVC.swift in Sources */ = {isa = PBXBuildFile; fileRef = 349D16C92392F0330064B5CF /* SearchTeamVC.swift */; };
		3419A81A23A1BE4E00378709 /* FavoritesVC.swift in Sources */ = {isa = PBXBuildFile; fileRef = 349D16C72392E88B0064B5CF /* FavoritesVC.swift */; };
		3419A81B23A1BE5000378709 /* TodayVC.swift in Sources */ = {isa = PBXBuildFile; fileRef = 34417C8E238EF3C00047CD2B /* TodayVC.swift */; };
		3419A81C23A1BE5300378709 /* TabBarVC.swift in Sources */ = {isa = PBXBuildFile; fileRef = 34CEA06B238BE1EC00BA3CCE /* TabBarVC.swift */; };
		3419A81D23A1BE5500378709 /* DatePickerTableViewCell.swift in Sources */ = {isa = PBXBuildFile; fileRef = 34D837B6239EEC0E0043618F /* DatePickerTableViewCell.swift */; };
		3419A81E23A1BE5700378709 /* DateTableViewCell.swift in Sources */ = {isa = PBXBuildFile; fileRef = 34D837B4239EEBE80043618F /* DateTableViewCell.swift */; };
		3419A81F23A1BE5A00378709 /* DatePickerVC.swift in Sources */ = {isa = PBXBuildFile; fileRef = 34998B12239D637500976C5B /* DatePickerVC.swift */; };
		3419A82023A1BE5D00378709 /* TeamDetailVC.swift in Sources */ = {isa = PBXBuildFile; fileRef = 34A6D3B4239870DD000F1697 /* TeamDetailVC.swift */; };
		3419A82123A1BE5F00378709 /* TeamDescriptionVC.swift in Sources */ = {isa = PBXBuildFile; fileRef = 3432749523907A9B003CCC15 /* TeamDescriptionVC.swift */; };
		3419A82223A1BE6200378709 /* MatchOverviewCell.swift in Sources */ = {isa = PBXBuildFile; fileRef = 34417C90238EF52C0047CD2B /* MatchOverviewCell.swift */; };
		3419A82323A1BE6400378709 /* ModelTeams.swift in Sources */ = {isa = PBXBuildFile; fileRef = 349D16D0239304600064B5CF /* ModelTeams.swift */; };
		3419A82423A1BE6600378709 /* ModelPlayer.swift in Sources */ = {isa = PBXBuildFile; fileRef = 3432749723907EBA003CCC15 /* ModelPlayer.swift */; };
		3419A82523A1BE6900378709 /* ModelActiveCompetition.swift in Sources */ = {isa = PBXBuildFile; fileRef = 349D16BF2392D29A0064B5CF /* ModelActiveCompetition.swift */; };
		3419A82623A1BE6B00378709 /* ModelTeamDescription.swift in Sources */ = {isa = PBXBuildFile; fileRef = 3432749923907F7A003CCC15 /* ModelTeamDescription.swift */; };
		3419A82723A1BE6D00378709 /* ModelFullTime.swift in Sources */ = {isa = PBXBuildFile; fileRef = 342D14F3238EFF05009C5050 /* ModelFullTime.swift */; };
		3419A82823A1BE7000378709 /* ModelScore.swift in Sources */ = {isa = PBXBuildFile; fileRef = 342D14F1238EFE5C009C5050 /* ModelScore.swift */; };
		3419A82923A1BE7200378709 /* ModelCompetition.swift in Sources */ = {isa = PBXBuildFile; fileRef = 349D16C12392DFBA0064B5CF /* ModelCompetition.swift */; };
		3419A82A23A1BE7400378709 /* ModelMatch.swift in Sources */ = {isa = PBXBuildFile; fileRef = 34417C45238ED7080047CD2B /* ModelMatch.swift */; };
		3419A82B23A1BE7600378709 /* ModelMatchesResponse.swift in Sources */ = {isa = PBXBuildFile; fileRef = 34417C47238ED85E0047CD2B /* ModelMatchesResponse.swift */; };
		3419A82C23A1BE7A00378709 /* RootVC.swift in Sources */ = {isa = PBXBuildFile; fileRef = 34683DDD238BCCC1002D6C1E /* RootVC.swift */; };
		3419A82D23A1BE7C00378709 /* DateManager.swift in Sources */ = {isa = PBXBuildFile; fileRef = 34A3EA98238FF80B001F2A76 /* DateManager.swift */; };
		3419A82E23A1BE7F00378709 /* NetworkManager.swift in Sources */ = {isa = PBXBuildFile; fileRef = 3479F729238C589E002B39C5 /* NetworkManager.swift */; };
		3419A82F23A1BE8100378709 /* ColorsForMatchState.swift in Sources */ = {isa = PBXBuildFile; fileRef = 349D16C32392E5520064B5CF /* ColorsForMatchState.swift */; };
		3419A83023A1BE8300378709 /* Area.swift in Sources */ = {isa = PBXBuildFile; fileRef = 349D16CE239302CA0064B5CF /* Area.swift */; };
		3419A83123A1BE8600378709 /* SceneDelegate.swift in Sources */ = {isa = PBXBuildFile; fileRef = 34683DDB238BCCC1002D6C1E /* SceneDelegate.swift */; };
		3419A83223A1BE8800378709 /* AppDelegate.swift in Sources */ = {isa = PBXBuildFile; fileRef = 34683DD9238BCCC1002D6C1E /* AppDelegate.swift */; };
		3419A83323A1BE8A00378709 /* CoreDataManager.swift in Sources */ = {isa = PBXBuildFile; fileRef = 34A6D3BA2398889D000F1697 /* CoreDataManager.swift */; };
		342D14F2238EFE5C009C5050 /* ModelScore.swift in Sources */ = {isa = PBXBuildFile; fileRef = 342D14F1238EFE5C009C5050 /* ModelScore.swift */; };
		342D14F4238EFF05009C5050 /* ModelFullTime.swift in Sources */ = {isa = PBXBuildFile; fileRef = 342D14F3238EFF05009C5050 /* ModelFullTime.swift */; };
		3432749623907A9B003CCC15 /* TeamDescriptionVC.swift in Sources */ = {isa = PBXBuildFile; fileRef = 3432749523907A9B003CCC15 /* TeamDescriptionVC.swift */; };
		3432749823907EBA003CCC15 /* ModelPlayer.swift in Sources */ = {isa = PBXBuildFile; fileRef = 3432749723907EBA003CCC15 /* ModelPlayer.swift */; };
		3432749A23907F7A003CCC15 /* ModelTeamDescription.swift in Sources */ = {isa = PBXBuildFile; fileRef = 3432749923907F7A003CCC15 /* ModelTeamDescription.swift */; };
		34417C46238ED7080047CD2B /* ModelMatch.swift in Sources */ = {isa = PBXBuildFile; fileRef = 34417C45238ED7080047CD2B /* ModelMatch.swift */; };
		34417C48238ED85E0047CD2B /* ModelMatchesResponse.swift in Sources */ = {isa = PBXBuildFile; fileRef = 34417C47238ED85E0047CD2B /* ModelMatchesResponse.swift */; };
		34417C8F238EF3C00047CD2B /* TodayVC.swift in Sources */ = {isa = PBXBuildFile; fileRef = 34417C8E238EF3C00047CD2B /* TodayVC.swift */; };
		34417C91238EF52C0047CD2B /* MatchOverviewCell.swift in Sources */ = {isa = PBXBuildFile; fileRef = 34417C90238EF52C0047CD2B /* MatchOverviewCell.swift */; };
		34683DDA238BCCC1002D6C1E /* AppDelegate.swift in Sources */ = {isa = PBXBuildFile; fileRef = 34683DD9238BCCC1002D6C1E /* AppDelegate.swift */; };
		34683DDC238BCCC1002D6C1E /* SceneDelegate.swift in Sources */ = {isa = PBXBuildFile; fileRef = 34683DDB238BCCC1002D6C1E /* SceneDelegate.swift */; };
		34683DDE238BCCC1002D6C1E /* RootVC.swift in Sources */ = {isa = PBXBuildFile; fileRef = 34683DDD238BCCC1002D6C1E /* RootVC.swift */; };
		34683DE3238BCCC3002D6C1E /* Assets.xcassets in Resources */ = {isa = PBXBuildFile; fileRef = 34683DE2238BCCC3002D6C1E /* Assets.xcassets */; };
		34683DE6238BCCC3002D6C1E /* LaunchScreen.storyboard in Resources */ = {isa = PBXBuildFile; fileRef = 34683DE4238BCCC3002D6C1E /* LaunchScreen.storyboard */; };
		3479F72A238C589E002B39C5 /* NetworkManager.swift in Sources */ = {isa = PBXBuildFile; fileRef = 3479F729238C589E002B39C5 /* NetworkManager.swift */; };
		34998B13239D637500976C5B /* DatePickerVC.swift in Sources */ = {isa = PBXBuildFile; fileRef = 34998B12239D637500976C5B /* DatePickerVC.swift */; };
		349D16C02392D29A0064B5CF /* ModelActiveCompetition.swift in Sources */ = {isa = PBXBuildFile; fileRef = 349D16BF2392D29A0064B5CF /* ModelActiveCompetition.swift */; };
		349D16C22392DFBA0064B5CF /* ModelCompetition.swift in Sources */ = {isa = PBXBuildFile; fileRef = 349D16C12392DFBA0064B5CF /* ModelCompetition.swift */; };
		349D16C42392E5520064B5CF /* ColorsForMatchState.swift in Sources */ = {isa = PBXBuildFile; fileRef = 349D16C32392E5520064B5CF /* ColorsForMatchState.swift */; };
		349D16C82392E88B0064B5CF /* FavoritesVC.swift in Sources */ = {isa = PBXBuildFile; fileRef = 349D16C72392E88B0064B5CF /* FavoritesVC.swift */; };
		349D16CA2392F0330064B5CF /* SearchTeamVC.swift in Sources */ = {isa = PBXBuildFile; fileRef = 349D16C92392F0330064B5CF /* SearchTeamVC.swift */; };
		349D16CF239302CA0064B5CF /* Area.swift in Sources */ = {isa = PBXBuildFile; fileRef = 349D16CE239302CA0064B5CF /* Area.swift */; };
		349D16D1239304600064B5CF /* ModelTeams.swift in Sources */ = {isa = PBXBuildFile; fileRef = 349D16D0239304600064B5CF /* ModelTeams.swift */; };
		34A3EA99238FF80B001F2A76 /* DateManager.swift in Sources */ = {isa = PBXBuildFile; fileRef = 34A3EA98238FF80B001F2A76 /* DateManager.swift */; };
		34A6D3B5239870DD000F1697 /* TeamDetailVC.swift in Sources */ = {isa = PBXBuildFile; fileRef = 34A6D3B4239870DD000F1697 /* TeamDetailVC.swift */; };
		34A6D3B9239877B1000F1697 /* Football.xcdatamodeld in Sources */ = {isa = PBXBuildFile; fileRef = 34A6D3B7239877B1000F1697 /* Football.xcdatamodeld */; };
		34A6D3BB2398889D000F1697 /* CoreDataManager.swift in Sources */ = {isa = PBXBuildFile; fileRef = 34A6D3BA2398889D000F1697 /* CoreDataManager.swift */; };
		34CEA06C238BE1EC00BA3CCE /* TabBarVC.swift in Sources */ = {isa = PBXBuildFile; fileRef = 34CEA06B238BE1EC00BA3CCE /* TabBarVC.swift */; };
		34D837B5239EEBE80043618F /* DateTableViewCell.swift in Sources */ = {isa = PBXBuildFile; fileRef = 34D837B4239EEBE80043618F /* DateTableViewCell.swift */; };
		34D837B7239EEC0E0043618F /* DatePickerTableViewCell.swift in Sources */ = {isa = PBXBuildFile; fileRef = 34D837B6239EEC0E0043618F /* DatePickerTableViewCell.swift */; };
/* End PBXBuildFile section */

/* Begin PBXContainerItemProxy section */
		3419A81423A1218C00378709 /* PBXContainerItemProxy */ = {
			isa = PBXContainerItemProxy;
			containerPortal = 34683DCE238BCCC1002D6C1E /* Project object */;
			proxyType = 1;
			remoteGlobalIDString = 34683DD5238BCCC1002D6C1E;
			remoteInfo = myFootball;
		};
/* End PBXContainerItemProxy section */

/* Begin PBXFileReference section */
		3419A80F23A1218C00378709 /* myFootballTests.xctest */ = {isa = PBXFileReference; explicitFileType = wrapper.cfbundle; includeInIndex = 0; path = myFootballTests.xctest; sourceTree = BUILT_PRODUCTS_DIR; };
		3419A81123A1218C00378709 /* myFootballTests.swift */ = {isa = PBXFileReference; lastKnownFileType = sourcecode.swift; path = myFootballTests.swift; sourceTree = "<group>"; };
		3419A81323A1218C00378709 /* Info.plist */ = {isa = PBXFileReference; lastKnownFileType = text.plist.xml; path = Info.plist; sourceTree = "<group>"; };
		342D14F1238EFE5C009C5050 /* ModelScore.swift */ = {isa = PBXFileReference; lastKnownFileType = sourcecode.swift; path = ModelScore.swift; sourceTree = "<group>"; };
		342D14F3238EFF05009C5050 /* ModelFullTime.swift */ = {isa = PBXFileReference; lastKnownFileType = sourcecode.swift; path = ModelFullTime.swift; sourceTree = "<group>"; };
		3432749523907A9B003CCC15 /* TeamDescriptionVC.swift */ = {isa = PBXFileReference; lastKnownFileType = sourcecode.swift; path = TeamDescriptionVC.swift; sourceTree = "<group>"; };
		3432749723907EBA003CCC15 /* ModelPlayer.swift */ = {isa = PBXFileReference; lastKnownFileType = sourcecode.swift; path = ModelPlayer.swift; sourceTree = "<group>"; };
		3432749923907F7A003CCC15 /* ModelTeamDescription.swift */ = {isa = PBXFileReference; lastKnownFileType = sourcecode.swift; path = ModelTeamDescription.swift; sourceTree = "<group>"; };
		34417C45238ED7080047CD2B /* ModelMatch.swift */ = {isa = PBXFileReference; lastKnownFileType = sourcecode.swift; path = ModelMatch.swift; sourceTree = "<group>"; };
		34417C47238ED85E0047CD2B /* ModelMatchesResponse.swift */ = {isa = PBXFileReference; lastKnownFileType = sourcecode.swift; path = ModelMatchesResponse.swift; sourceTree = "<group>"; };
		34417C8E238EF3C00047CD2B /* TodayVC.swift */ = {isa = PBXFileReference; lastKnownFileType = sourcecode.swift; path = TodayVC.swift; sourceTree = "<group>"; };
		34417C90238EF52C0047CD2B /* MatchOverviewCell.swift */ = {isa = PBXFileReference; lastKnownFileType = sourcecode.swift; path = MatchOverviewCell.swift; sourceTree = "<group>"; };
		34683DD6238BCCC1002D6C1E /* myFootball.app */ = {isa = PBXFileReference; explicitFileType = wrapper.application; includeInIndex = 0; path = myFootball.app; sourceTree = BUILT_PRODUCTS_DIR; };
		34683DD9238BCCC1002D6C1E /* AppDelegate.swift */ = {isa = PBXFileReference; lastKnownFileType = sourcecode.swift; path = AppDelegate.swift; sourceTree = "<group>"; };
		34683DDB238BCCC1002D6C1E /* SceneDelegate.swift */ = {isa = PBXFileReference; lastKnownFileType = sourcecode.swift; path = SceneDelegate.swift; sourceTree = "<group>"; };
		34683DDD238BCCC1002D6C1E /* RootVC.swift */ = {isa = PBXFileReference; lastKnownFileType = sourcecode.swift; path = RootVC.swift; sourceTree = "<group>"; };
		34683DE2238BCCC3002D6C1E /* Assets.xcassets */ = {isa = PBXFileReference; lastKnownFileType = folder.assetcatalog; path = Assets.xcassets; sourceTree = "<group>"; };
		34683DE5238BCCC3002D6C1E /* Base */ = {isa = PBXFileReference; lastKnownFileType = file.storyboard; name = Base; path = Base.lproj/LaunchScreen.storyboard; sourceTree = "<group>"; };
		34683DE7238BCCC3002D6C1E /* Info.plist */ = {isa = PBXFileReference; lastKnownFileType = text.plist.xml; path = Info.plist; sourceTree = "<group>"; };
		3479F729238C589E002B39C5 /* NetworkManager.swift */ = {isa = PBXFileReference; lastKnownFileType = sourcecode.swift; path = NetworkManager.swift; sourceTree = "<group>"; };
		34998B12239D637500976C5B /* DatePickerVC.swift */ = {isa = PBXFileReference; lastKnownFileType = sourcecode.swift; path = DatePickerVC.swift; sourceTree = "<group>"; };
		349D16BF2392D29A0064B5CF /* ModelActiveCompetition.swift */ = {isa = PBXFileReference; lastKnownFileType = sourcecode.swift; path = ModelActiveCompetition.swift; sourceTree = "<group>"; };
		349D16C12392DFBA0064B5CF /* ModelCompetition.swift */ = {isa = PBXFileReference; lastKnownFileType = sourcecode.swift; path = ModelCompetition.swift; sourceTree = "<group>"; };
		349D16C32392E5520064B5CF /* ColorsForMatchState.swift */ = {isa = PBXFileReference; lastKnownFileType = sourcecode.swift; path = ColorsForMatchState.swift; sourceTree = "<group>"; };
		349D16C72392E88B0064B5CF /* FavoritesVC.swift */ = {isa = PBXFileReference; lastKnownFileType = sourcecode.swift; path = FavoritesVC.swift; sourceTree = "<group>"; };
		349D16C92392F0330064B5CF /* SearchTeamVC.swift */ = {isa = PBXFileReference; lastKnownFileType = sourcecode.swift; path = SearchTeamVC.swift; sourceTree = "<group>"; };
		349D16CE239302CA0064B5CF /* Area.swift */ = {isa = PBXFileReference; lastKnownFileType = sourcecode.swift; path = Area.swift; sourceTree = "<group>"; };
		349D16D0239304600064B5CF /* ModelTeams.swift */ = {isa = PBXFileReference; lastKnownFileType = sourcecode.swift; path = ModelTeams.swift; sourceTree = "<group>"; };
		34A3EA98238FF80B001F2A76 /* DateManager.swift */ = {isa = PBXFileReference; lastKnownFileType = sourcecode.swift; path = DateManager.swift; sourceTree = "<group>"; };
		34A6D3B4239870DD000F1697 /* TeamDetailVC.swift */ = {isa = PBXFileReference; lastKnownFileType = sourcecode.swift; path = TeamDetailVC.swift; sourceTree = "<group>"; };
		34A6D3B8239877B1000F1697 /* Football.xcdatamodel */ = {isa = PBXFileReference; lastKnownFileType = wrapper.xcdatamodel; path = Football.xcdatamodel; sourceTree = "<group>"; };
		34A6D3BA2398889D000F1697 /* CoreDataManager.swift */ = {isa = PBXFileReference; lastKnownFileType = sourcecode.swift; path = CoreDataManager.swift; sourceTree = "<group>"; };
		34CEA06B238BE1EC00BA3CCE /* TabBarVC.swift */ = {isa = PBXFileReference; lastKnownFileType = sourcecode.swift; path = TabBarVC.swift; sourceTree = "<group>"; };
		34D837B4239EEBE80043618F /* DateTableViewCell.swift */ = {isa = PBXFileReference; lastKnownFileType = sourcecode.swift; path = DateTableViewCell.swift; sourceTree = "<group>"; };
		34D837B6239EEC0E0043618F /* DatePickerTableViewCell.swift */ = {isa = PBXFileReference; lastKnownFileType = sourcecode.swift; path = DatePickerTableViewCell.swift; sourceTree = "<group>"; };
/* End PBXFileReference section */

/* Begin PBXFrameworksBuildPhase section */
		3419A80C23A1218C00378709 /* Frameworks */ = {
			isa = PBXFrameworksBuildPhase;
			buildActionMask = 2147483647;
			files = (
			);
			runOnlyForDeploymentPostprocessing = 0;
		};
		34683DD3238BCCC1002D6C1E /* Frameworks */ = {
			isa = PBXFrameworksBuildPhase;
			buildActionMask = 2147483647;
			files = (
			);
			runOnlyForDeploymentPostprocessing = 0;
		};
/* End PBXFrameworksBuildPhase section */

/* Begin PBXGroup section */
		3419A81023A1218C00378709 /* myFootballTests */ = {
			isa = PBXGroup;
			children = (
				3419A81123A1218C00378709 /* myFootballTests.swift */,
				3419A81323A1218C00378709 /* Info.plist */,
			);
			path = myFootballTests;
			sourceTree = "<group>";
		};
		34417C44238ED6EB0047CD2B /* Model */ = {
			isa = PBXGroup;
			children = (
				34417C47238ED85E0047CD2B /* ModelMatchesResponse.swift */,
				34417C45238ED7080047CD2B /* ModelMatch.swift */,
				349D16C12392DFBA0064B5CF /* ModelCompetition.swift */,
				342D14F1238EFE5C009C5050 /* ModelScore.swift */,
				342D14F3238EFF05009C5050 /* ModelFullTime.swift */,
				3432749923907F7A003CCC15 /* ModelTeamDescription.swift */,
				349D16BF2392D29A0064B5CF /* ModelActiveCompetition.swift */,
				3432749723907EBA003CCC15 /* ModelPlayer.swift */,
				349D16D0239304600064B5CF /* ModelTeams.swift */,
			);
			path = Model;
			sourceTree = "<group>";
		};
		34417C8D238EF3960047CD2B /* Today */ = {
			isa = PBXGroup;
			children = (
				34417C8E238EF3C00047CD2B /* TodayVC.swift */,
			);
			path = Today;
			sourceTree = "<group>";
		};
		34683DCD238BCCC1002D6C1E = {
			isa = PBXGroup;
			children = (
				34683DD8238BCCC1002D6C1E /* myFootball */,
				3419A81023A1218C00378709 /* myFootballTests */,
				34683DD7238BCCC1002D6C1E /* Products */,
			);
			sourceTree = "<group>";
		};
		34683DD7238BCCC1002D6C1E /* Products */ = {
			isa = PBXGroup;
			children = (
				34683DD6238BCCC1002D6C1E /* myFootball.app */,
				3419A80F23A1218C00378709 /* myFootballTests.xctest */,
			);
			name = Products;
			sourceTree = "<group>";
		};
		34683DD8238BCCC1002D6C1E /* myFootball */ = {
			isa = PBXGroup;
			children = (
				34A6D3B6239876B2000F1697 /* CoreData */,
				34683DED238BCCE0002D6C1E /* Supporting Files */,
				347EB2A023946C9C0002FCD6 /* Helpers */,
				3479F728238C583F002B39C5 /* NetworkManager */,
				34A3EA97238FF7E9001F2A76 /* DateManager */,
				34683DEE238BCDB5002D6C1E /* RootVC */,
				34417C44238ED6EB0047CD2B /* Model */,
				347EB29E23946A090002FCD6 /* View */,
				34CEA068238BE0B200BA3CCE /* Controller */,
				34683DE4238BCCC3002D6C1E /* LaunchScreen.storyboard */,
				34683DE7238BCCC3002D6C1E /* Info.plist */,
				34683DE2238BCCC3002D6C1E /* Assets.xcassets */,
			);
			path = myFootball;
			sourceTree = "<group>";
		};
		34683DED238BCCE0002D6C1E /* Supporting Files */ = {
			isa = PBXGroup;
			children = (
				34683DD9238BCCC1002D6C1E /* AppDelegate.swift */,
				34683DDB238BCCC1002D6C1E /* SceneDelegate.swift */,
			);
			path = "Supporting Files";
			sourceTree = "<group>";
		};
		34683DEE238BCDB5002D6C1E /* RootVC */ = {
			isa = PBXGroup;
			children = (
				34683DDD238BCCC1002D6C1E /* RootVC.swift */,
			);
			path = RootVC;
			sourceTree = "<group>";
		};
		3479F724238C5130002B39C5 /* TabBarVC */ = {
			isa = PBXGroup;
			children = (
				34CEA06B238BE1EC00BA3CCE /* TabBarVC.swift */,
				34417C8D238EF3960047CD2B /* Today */,
				349D16C62392E82B0064B5CF /* Favorites */,
			);
			path = TabBarVC;
			sourceTree = "<group>";
		};
		3479F728238C583F002B39C5 /* NetworkManager */ = {
			isa = PBXGroup;
			children = (
				3479F729238C589E002B39C5 /* NetworkManager.swift */,
			);
			path = NetworkManager;
			sourceTree = "<group>";
		};
		347EB29E23946A090002FCD6 /* View */ = {
			isa = PBXGroup;
			children = (
				34417C90238EF52C0047CD2B /* MatchOverviewCell.swift */,
			);
			path = View;
			sourceTree = "<group>";
		};
		347EB2A023946C9C0002FCD6 /* Helpers */ = {
			isa = PBXGroup;
			children = (
				349D16CE239302CA0064B5CF /* Area.swift */,
				349D16C32392E5520064B5CF /* ColorsForMatchState.swift */,
			);
			path = Helpers;
			sourceTree = "<group>";
		};
		349D16C62392E82B0064B5CF /* Favorites */ = {
			isa = PBXGroup;
			children = (
				349D16C72392E88B0064B5CF /* FavoritesVC.swift */,
				349D16C92392F0330064B5CF /* SearchTeamVC.swift */,
			);
			path = Favorites;
			sourceTree = "<group>";
		};
		34A3EA97238FF7E9001F2A76 /* DateManager */ = {
			isa = PBXGroup;
			children = (
				34A3EA98238FF80B001F2A76 /* DateManager.swift */,
			);
			path = DateManager;
			sourceTree = "<group>";
		};
		34A6D3B6239876B2000F1697 /* CoreData */ = {
			isa = PBXGroup;
			children = (
				34A6D3B7239877B1000F1697 /* Football.xcdatamodeld */,
				34A6D3BA2398889D000F1697 /* CoreDataManager.swift */,
			);
			path = CoreData;
			sourceTree = "<group>";
		};
		34CEA068238BE0B200BA3CCE /* Controller */ = {
			isa = PBXGroup;
			children = (
				34D837B2239EEBB90043618F /* Team */,
				34D837B3239EEBBF0043618F /* DatePicker */,
				3479F724238C5130002B39C5 /* TabBarVC */,
			);
			path = Controller;
			sourceTree = "<group>";
		};
		34D837B2239EEBB90043618F /* Team */ = {
			isa = PBXGroup;
			children = (
				3432749523907A9B003CCC15 /* TeamDescriptionVC.swift */,
				34A6D3B4239870DD000F1697 /* TeamDetailVC.swift */,
			);
			path = Team;
			sourceTree = "<group>";
		};
		34D837B3239EEBBF0043618F /* DatePicker */ = {
			isa = PBXGroup;
			children = (
				34998B12239D637500976C5B /* DatePickerVC.swift */,
				34D837B4239EEBE80043618F /* DateTableViewCell.swift */,
				34D837B6239EEC0E0043618F /* DatePickerTableViewCell.swift */,
			);
			path = DatePicker;
			sourceTree = "<group>";
		};
/* End PBXGroup section */

/* Begin PBXNativeTarget section */
		3419A80E23A1218C00378709 /* myFootballTests */ = {
			isa = PBXNativeTarget;
			buildConfigurationList = 3419A81823A1218C00378709 /* Build configuration list for PBXNativeTarget "myFootballTests" */;
			buildPhases = (
				3419A80B23A1218C00378709 /* Sources */,
				3419A80C23A1218C00378709 /* Frameworks */,
				3419A80D23A1218C00378709 /* Resources */,
			);
			buildRules = (
			);
			dependencies = (
				3419A81523A1218C00378709 /* PBXTargetDependency */,
			);
			name = myFootballTests;
			productName = myFootballTests;
			productReference = 3419A80F23A1218C00378709 /* myFootballTests.xctest */;
			productType = "com.apple.product-type.bundle.unit-test";
		};
		34683DD5238BCCC1002D6C1E /* myFootball */ = {
			isa = PBXNativeTarget;
			buildConfigurationList = 34683DEA238BCCC3002D6C1E /* Build configuration list for PBXNativeTarget "myFootball" */;
			buildPhases = (
				34683DD2238BCCC1002D6C1E /* Sources */,
				34683DD3238BCCC1002D6C1E /* Frameworks */,
				34683DD4238BCCC1002D6C1E /* Resources */,
			);
			buildRules = (
			);
			dependencies = (
			);
			name = myFootball;
			productName = myFootball;
			productReference = 34683DD6238BCCC1002D6C1E /* myFootball.app */;
			productType = "com.apple.product-type.application";
		};
/* End PBXNativeTarget section */

/* Begin PBXProject section */
		34683DCE238BCCC1002D6C1E /* Project object */ = {
			isa = PBXProject;
			attributes = {
				LastSwiftUpdateCheck = 1110;
				LastUpgradeCheck = 1110;
				ORGANIZATIONNAME = "Maxim Sidorov";
				TargetAttributes = {
					3419A80E23A1218C00378709 = {
						CreatedOnToolsVersion = 11.1;
					};
					34683DD5238BCCC1002D6C1E = {
						CreatedOnToolsVersion = 11.1;
					};
				};
			};
			buildConfigurationList = 34683DD1238BCCC1002D6C1E /* Build configuration list for PBXProject "myFootball" */;
			compatibilityVersion = "Xcode 9.3";
			developmentRegion = en;
			hasScannedForEncodings = 0;
			knownRegions = (
				en,
				Base,
			);
			mainGroup = 34683DCD238BCCC1002D6C1E;
			productRefGroup = 34683DD7238BCCC1002D6C1E /* Products */;
			projectDirPath = "";
			projectRoot = "";
			targets = (
				34683DD5238BCCC1002D6C1E /* myFootball */,
				3419A80E23A1218C00378709 /* myFootballTests */,
			);
		};
/* End PBXProject section */

/* Begin PBXResourcesBuildPhase section */
		3419A80D23A1218C00378709 /* Resources */ = {
			isa = PBXResourcesBuildPhase;
			buildActionMask = 2147483647;
			files = (
			);
			runOnlyForDeploymentPostprocessing = 0;
		};
		34683DD4238BCCC1002D6C1E /* Resources */ = {
			isa = PBXResourcesBuildPhase;
			buildActionMask = 2147483647;
			files = (
				34683DE6238BCCC3002D6C1E /* LaunchScreen.storyboard in Resources */,
				34683DE3238BCCC3002D6C1E /* Assets.xcassets in Resources */,
			);
			runOnlyForDeploymentPostprocessing = 0;
		};
/* End PBXResourcesBuildPhase section */

/* Begin PBXSourcesBuildPhase section */
		3419A80B23A1218C00378709 /* Sources */ = {
			isa = PBXSourcesBuildPhase;
			buildActionMask = 2147483647;
			files = (
				3419A82E23A1BE7F00378709 /* NetworkManager.swift in Sources */,
				3419A82123A1BE5F00378709 /* TeamDescriptionVC.swift in Sources */,
				3419A82723A1BE6D00378709 /* ModelFullTime.swift in Sources */,
				3419A82B23A1BE7600378709 /* ModelMatchesResponse.swift in Sources */,
				3419A82423A1BE6600378709 /* ModelPlayer.swift in Sources */,
				3419A83023A1BE8300378709 /* Area.swift in Sources */,
				3419A81E23A1BE5700378709 /* DateTableViewCell.swift in Sources */,
				3419A82323A1BE6400378709 /* ModelTeams.swift in Sources */,
				3419A81223A1218C00378709 /* myFootballTests.swift in Sources */,
				3419A82D23A1BE7C00378709 /* DateManager.swift in Sources */,
				3419A81F23A1BE5A00378709 /* DatePickerVC.swift in Sources */,
				3419A81923A1BE4C00378709 /* SearchTeamVC.swift in Sources */,
				3419A81C23A1BE5300378709 /* TabBarVC.swift in Sources */,
				3419A81B23A1BE5000378709 /* TodayVC.swift in Sources */,
				3419A82523A1BE6900378709 /* ModelActiveCompetition.swift in Sources */,
				3419A82823A1BE7000378709 /* ModelScore.swift in Sources */,
				3419A82223A1BE6200378709 /* MatchOverviewCell.swift in Sources */,
				3419A82923A1BE7200378709 /* ModelCompetition.swift in Sources */,
				3419A82C23A1BE7A00378709 /* RootVC.swift in Sources */,
				3419A81A23A1BE4E00378709 /* FavoritesVC.swift in Sources */,
				3419A82F23A1BE8100378709 /* ColorsForMatchState.swift in Sources */,
				3419A83223A1BE8800378709 /* AppDelegate.swift in Sources */,
				3419A83123A1BE8600378709 /* SceneDelegate.swift in Sources */,
				3419A82023A1BE5D00378709 /* TeamDetailVC.swift in Sources */,
				3419A81D23A1BE5500378709 /* DatePickerTableViewCell.swift in Sources */,
				3419A82A23A1BE7400378709 /* ModelMatch.swift in Sources */,
				3419A83323A1BE8A00378709 /* CoreDataManager.swift in Sources */,
				3419A82623A1BE6B00378709 /* ModelTeamDescription.swift in Sources */,
			);
			runOnlyForDeploymentPostprocessing = 0;
		};
		34683DD2238BCCC1002D6C1E /* Sources */ = {
			isa = PBXSourcesBuildPhase;
			buildActionMask = 2147483647;
			files = (
				349D16C82392E88B0064B5CF /* FavoritesVC.swift in Sources */,
				34683DDE238BCCC1002D6C1E /* RootVC.swift in Sources */,
				34A3EA99238FF80B001F2A76 /* DateManager.swift in Sources */,
				342D14F2238EFE5C009C5050 /* ModelScore.swift in Sources */,
				34A6D3B9239877B1000F1697 /* Football.xcdatamodeld in Sources */,
				34417C46238ED7080047CD2B /* ModelMatch.swift in Sources */,
				34417C91238EF52C0047CD2B /* MatchOverviewCell.swift in Sources */,
				34998B13239D637500976C5B /* DatePickerVC.swift in Sources */,
				34A6D3B5239870DD000F1697 /* TeamDetailVC.swift in Sources */,
				3432749623907A9B003CCC15 /* TeamDescriptionVC.swift in Sources */,
				349D16D1239304600064B5CF /* ModelTeams.swift in Sources */,
				34D837B7239EEC0E0043618F /* DatePickerTableViewCell.swift in Sources */,
				34417C8F238EF3C00047CD2B /* TodayVC.swift in Sources */,
				34CEA06C238BE1EC00BA3CCE /* TabBarVC.swift in Sources */,
				34D837B5239EEBE80043618F /* DateTableViewCell.swift in Sources */,
				34417C48238ED85E0047CD2B /* ModelMatchesResponse.swift in Sources */,
				3432749A23907F7A003CCC15 /* ModelTeamDescription.swift in Sources */,
				349D16C42392E5520064B5CF /* ColorsForMatchState.swift in Sources */,
				349D16C22392DFBA0064B5CF /* ModelCompetition.swift in Sources */,
				34683DDA238BCCC1002D6C1E /* AppDelegate.swift in Sources */,
				349D16CF239302CA0064B5CF /* Area.swift in Sources */,
				34683DDC238BCCC1002D6C1E /* SceneDelegate.swift in Sources */,
				3479F72A238C589E002B39C5 /* NetworkManager.swift in Sources */,
				3432749823907EBA003CCC15 /* ModelPlayer.swift in Sources */,
				349D16CA2392F0330064B5CF /* SearchTeamVC.swift in Sources */,
				349D16C02392D29A0064B5CF /* ModelActiveCompetition.swift in Sources */,
				34A6D3BB2398889D000F1697 /* CoreDataManager.swift in Sources */,
				342D14F4238EFF05009C5050 /* ModelFullTime.swift in Sources */,
			);
			runOnlyForDeploymentPostprocessing = 0;
		};
/* End PBXSourcesBuildPhase section */

/* Begin PBXTargetDependency section */
		3419A81523A1218C00378709 /* PBXTargetDependency */ = {
			isa = PBXTargetDependency;
			target = 34683DD5238BCCC1002D6C1E /* myFootball */;
			targetProxy = 3419A81423A1218C00378709 /* PBXContainerItemProxy */;
		};
/* End PBXTargetDependency section */

/* Begin PBXVariantGroup section */
		34683DE4238BCCC3002D6C1E /* LaunchScreen.storyboard */ = {
			isa = PBXVariantGroup;
			children = (
				34683DE5238BCCC3002D6C1E /* Base */,
			);
			name = LaunchScreen.storyboard;
			sourceTree = "<group>";
		};
/* End PBXVariantGroup section */

/* Begin XCBuildConfiguration section */
		3419A81623A1218C00378709 /* Debug */ = {
			isa = XCBuildConfiguration;
			buildSettings = {
				CODE_SIGN_STYLE = Automatic;
				DEVELOPMENT_TEAM = 9ZB2A7WP7E;
				INFOPLIST_FILE = myFootballTests/Info.plist;
				LD_RUNPATH_SEARCH_PATHS = (
					"$(inherited)",
					"@executable_path/Frameworks",
					"@loader_path/Frameworks",
				);
				PRODUCT_BUNDLE_IDENTIFIER = com.MS.myFootballTests;
				PRODUCT_NAME = "$(TARGET_NAME)";
				SWIFT_VERSION = 5.0;
				TARGETED_DEVICE_FAMILY = "1,2";
			};
			name = Debug;
		};
		3419A81723A1218C00378709 /* Release */ = {
			isa = XCBuildConfiguration;
			buildSettings = {
				CODE_SIGN_STYLE = Automatic;
				DEVELOPMENT_TEAM = 9ZB2A7WP7E;
				INFOPLIST_FILE = myFootballTests/Info.plist;
				LD_RUNPATH_SEARCH_PATHS = (
					"$(inherited)",
					"@executable_path/Frameworks",
					"@loader_path/Frameworks",
				);
				PRODUCT_BUNDLE_IDENTIFIER = com.MS.myFootballTests;
				PRODUCT_NAME = "$(TARGET_NAME)";
				SWIFT_VERSION = 5.0;
				TARGETED_DEVICE_FAMILY = "1,2";
			};
			name = Release;
		};
		34683DE8238BCCC3002D6C1E /* Debug */ = {
			isa = XCBuildConfiguration;
			buildSettings = {
				ALWAYS_SEARCH_USER_PATHS = NO;
				CLANG_ANALYZER_NONNULL = YES;
				CLANG_ANALYZER_NUMBER_OBJECT_CONVERSION = YES_AGGRESSIVE;
				CLANG_CXX_LANGUAGE_STANDARD = "gnu++14";
				CLANG_CXX_LIBRARY = "libc++";
				CLANG_ENABLE_MODULES = YES;
				CLANG_ENABLE_OBJC_ARC = YES;
				CLANG_ENABLE_OBJC_WEAK = YES;
				CLANG_WARN_BLOCK_CAPTURE_AUTORELEASING = YES;
				CLANG_WARN_BOOL_CONVERSION = YES;
				CLANG_WARN_COMMA = YES;
				CLANG_WARN_CONSTANT_CONVERSION = YES;
				CLANG_WARN_DEPRECATED_OBJC_IMPLEMENTATIONS = YES;
				CLANG_WARN_DIRECT_OBJC_ISA_USAGE = YES_ERROR;
				CLANG_WARN_DOCUMENTATION_COMMENTS = YES;
				CLANG_WARN_EMPTY_BODY = YES;
				CLANG_WARN_ENUM_CONVERSION = YES;
				CLANG_WARN_INFINITE_RECURSION = YES;
				CLANG_WARN_INT_CONVERSION = YES;
				CLANG_WARN_NON_LITERAL_NULL_CONVERSION = YES;
				CLANG_WARN_OBJC_IMPLICIT_RETAIN_SELF = YES;
				CLANG_WARN_OBJC_LITERAL_CONVERSION = YES;
				CLANG_WARN_OBJC_ROOT_CLASS = YES_ERROR;
				CLANG_WARN_RANGE_LOOP_ANALYSIS = YES;
				CLANG_WARN_STRICT_PROTOTYPES = YES;
				CLANG_WARN_SUSPICIOUS_MOVE = YES;
				CLANG_WARN_UNGUARDED_AVAILABILITY = YES_AGGRESSIVE;
				CLANG_WARN_UNREACHABLE_CODE = YES;
				CLANG_WARN__DUPLICATE_METHOD_MATCH = YES;
				COPY_PHASE_STRIP = NO;
				DEBUG_INFORMATION_FORMAT = dwarf;
				ENABLE_STRICT_OBJC_MSGSEND = YES;
				ENABLE_TESTABILITY = YES;
				GCC_C_LANGUAGE_STANDARD = gnu11;
				GCC_DYNAMIC_NO_PIC = NO;
				GCC_NO_COMMON_BLOCKS = YES;
				GCC_OPTIMIZATION_LEVEL = 0;
				GCC_PREPROCESSOR_DEFINITIONS = (
					"DEBUG=1",
					"$(inherited)",
				);
				GCC_WARN_64_TO_32_BIT_CONVERSION = YES;
				GCC_WARN_ABOUT_RETURN_TYPE = YES_ERROR;
				GCC_WARN_UNDECLARED_SELECTOR = YES;
				GCC_WARN_UNINITIALIZED_AUTOS = YES_AGGRESSIVE;
				GCC_WARN_UNUSED_FUNCTION = YES;
				GCC_WARN_UNUSED_VARIABLE = YES;
				IPHONEOS_DEPLOYMENT_TARGET = 13.1;
				MTL_ENABLE_DEBUG_INFO = INCLUDE_SOURCE;
				MTL_FAST_MATH = YES;
				ONLY_ACTIVE_ARCH = YES;
				SDKROOT = iphoneos;
				SWIFT_ACTIVE_COMPILATION_CONDITIONS = DEBUG;
				SWIFT_OPTIMIZATION_LEVEL = "-Onone";
			};
			name = Debug;
		};
		34683DE9238BCCC3002D6C1E /* Release */ = {
			isa = XCBuildConfiguration;
			buildSettings = {
				ALWAYS_SEARCH_USER_PATHS = NO;
				CLANG_ANALYZER_NONNULL = YES;
				CLANG_ANALYZER_NUMBER_OBJECT_CONVERSION = YES_AGGRESSIVE;
				CLANG_CXX_LANGUAGE_STANDARD = "gnu++14";
				CLANG_CXX_LIBRARY = "libc++";
				CLANG_ENABLE_MODULES = YES;
				CLANG_ENABLE_OBJC_ARC = YES;
				CLANG_ENABLE_OBJC_WEAK = YES;
				CLANG_WARN_BLOCK_CAPTURE_AUTORELEASING = YES;
				CLANG_WARN_BOOL_CONVERSION = YES;
				CLANG_WARN_COMMA = YES;
				CLANG_WARN_CONSTANT_CONVERSION = YES;
				CLANG_WARN_DEPRECATED_OBJC_IMPLEMENTATIONS = YES;
				CLANG_WARN_DIRECT_OBJC_ISA_USAGE = YES_ERROR;
				CLANG_WARN_DOCUMENTATION_COMMENTS = YES;
				CLANG_WARN_EMPTY_BODY = YES;
				CLANG_WARN_ENUM_CONVERSION = YES;
				CLANG_WARN_INFINITE_RECURSION = YES;
				CLANG_WARN_INT_CONVERSION = YES;
				CLANG_WARN_NON_LITERAL_NULL_CONVERSION = YES;
				CLANG_WARN_OBJC_IMPLICIT_RETAIN_SELF = YES;
				CLANG_WARN_OBJC_LITERAL_CONVERSION = YES;
				CLANG_WARN_OBJC_ROOT_CLASS = YES_ERROR;
				CLANG_WARN_RANGE_LOOP_ANALYSIS = YES;
				CLANG_WARN_STRICT_PROTOTYPES = YES;
				CLANG_WARN_SUSPICIOUS_MOVE = YES;
				CLANG_WARN_UNGUARDED_AVAILABILITY = YES_AGGRESSIVE;
				CLANG_WARN_UNREACHABLE_CODE = YES;
				CLANG_WARN__DUPLICATE_METHOD_MATCH = YES;
				COPY_PHASE_STRIP = NO;
				DEBUG_INFORMATION_FORMAT = "dwarf-with-dsym";
				ENABLE_NS_ASSERTIONS = NO;
				ENABLE_STRICT_OBJC_MSGSEND = YES;
				GCC_C_LANGUAGE_STANDARD = gnu11;
				GCC_NO_COMMON_BLOCKS = YES;
				GCC_WARN_64_TO_32_BIT_CONVERSION = YES;
				GCC_WARN_ABOUT_RETURN_TYPE = YES_ERROR;
				GCC_WARN_UNDECLARED_SELECTOR = YES;
				GCC_WARN_UNINITIALIZED_AUTOS = YES_AGGRESSIVE;
				GCC_WARN_UNUSED_FUNCTION = YES;
				GCC_WARN_UNUSED_VARIABLE = YES;
				IPHONEOS_DEPLOYMENT_TARGET = 13.1;
				MTL_ENABLE_DEBUG_INFO = NO;
				MTL_FAST_MATH = YES;
				SDKROOT = iphoneos;
				SWIFT_COMPILATION_MODE = wholemodule;
				SWIFT_OPTIMIZATION_LEVEL = "-O";
				VALIDATE_PRODUCT = YES;
			};
			name = Release;
		};
		34683DEB238BCCC3002D6C1E /* Debug */ = {
			isa = XCBuildConfiguration;
			buildSettings = {
				ASSETCATALOG_COMPILER_APPICON_NAME = AppIcon;
				CODE_SIGN_STYLE = Automatic;
				DEVELOPMENT_TEAM = 9ZB2A7WP7E;
				INFOPLIST_FILE = myFootball/Info.plist;
				IPHONEOS_DEPLOYMENT_TARGET = 13.0;
				LD_RUNPATH_SEARCH_PATHS = (
					"$(inherited)",
					"@executable_path/Frameworks",
				);
				PRODUCT_BUNDLE_IDENTIFIER = com.MS.myFootball;
				PRODUCT_NAME = "$(TARGET_NAME)";
				SWIFT_VERSION = 5.0;
				TARGETED_DEVICE_FAMILY = 1;
			};
			name = Debug;
		};
		34683DEC238BCCC3002D6C1E /* Release */ = {
			isa = XCBuildConfiguration;
			buildSettings = {
				ASSETCATALOG_COMPILER_APPICON_NAME = AppIcon;
				CODE_SIGN_STYLE = Automatic;
				DEVELOPMENT_TEAM = 9ZB2A7WP7E;
				INFOPLIST_FILE = myFootball/Info.plist;
				IPHONEOS_DEPLOYMENT_TARGET = 13.0;
				LD_RUNPATH_SEARCH_PATHS = (
					"$(inherited)",
					"@executable_path/Frameworks",
				);
				PRODUCT_BUNDLE_IDENTIFIER = com.MS.myFootball;
				PRODUCT_NAME = "$(TARGET_NAME)";
				SWIFT_VERSION = 5.0;
				TARGETED_DEVICE_FAMILY = 1;
			};
			name = Release;
		};
/* End XCBuildConfiguration section */

/* Begin XCConfigurationList section */
		3419A81823A1218C00378709 /* Build configuration list for PBXNativeTarget "myFootballTests" */ = {
			isa = XCConfigurationList;
			buildConfigurations = (
				3419A81623A1218C00378709 /* Debug */,
				3419A81723A1218C00378709 /* Release */,
			);
			defaultConfigurationIsVisible = 0;
			defaultConfigurationName = Release;
		};
		34683DD1238BCCC1002D6C1E /* Build configuration list for PBXProject "myFootball" */ = {
			isa = XCConfigurationList;
			buildConfigurations = (
				34683DE8238BCCC3002D6C1E /* Debug */,
				34683DE9238BCCC3002D6C1E /* Release */,
			);
			defaultConfigurationIsVisible = 0;
			defaultConfigurationName = Release;
		};
		34683DEA238BCCC3002D6C1E /* Build configuration list for PBXNativeTarget "myFootball" */ = {
			isa = XCConfigurationList;
			buildConfigurations = (
				34683DEB238BCCC3002D6C1E /* Debug */,
				34683DEC238BCCC3002D6C1E /* Release */,
			);
			defaultConfigurationIsVisible = 0;
			defaultConfigurationName = Release;
		};
/* End XCConfigurationList section */

/* Begin XCVersionGroup section */
		34A6D3B7239877B1000F1697 /* Football.xcdatamodeld */ = {
			isa = XCVersionGroup;
			children = (
				34A6D3B8239877B1000F1697 /* Football.xcdatamodel */,
			);
			currentVersion = 34A6D3B8239877B1000F1697 /* Football.xcdatamodel */;
			path = Football.xcdatamodeld;
			sourceTree = "<group>";
			versionGroupType = wrapper.xcdatamodel;
		};
/* End XCVersionGroup section */
	};
	rootObject = 34683DCE238BCCC1002D6C1E /* Project object */;
}
